
Microsoft Visual Studio Solution File, Format Version 12.00
# Visual Studio Version 17
VisualStudioVersion = 17.7.34221.43
MinimumVisualStudioVersion = 10.0.40219.1
Project("{FAE04EC0-301F-11D3-BF4B-00C04F79EFBC}") = "AlgorithmVisualizer", "AlgorithmVisualizer.csproj", "{2DD65546-153C-4D2F-A0B6-0C483F3B9580}"
EndProject
Global
	GlobalSection(SolutionConfigurationPlatforms) = preSolution
		Debug|Any CPU = Debug|Any CPU
		Release|Any CPU = Release|Any CPU
	EndGlobalSection
	GlobalSection(ProjectConfigurationPlatforms) = postSolution
		{2DD65546-153C-4D2F-A0B6-0C483F3B9580}.Debug|Any CPU.ActiveCfg = Debug|Any CPU
		{2DD65546-153C-4D2F-A0B6-0C483F3B9580}.Debug|Any CPU.Build.0 = Debug|Any CPU
		{2DD65546-153C-4D2F-A0B6-0C483F3B9580}.Release|Any CPU.ActiveCfg = Release|Any CPU
		{2DD65546-153C-4D2F-A0B6-0C483F3B9580}.Release|Any CPU.Build.0 = Release|Any CPU
	EndGlobalSection
	GlobalSection(SolutionProperties) = preSolution
		HideSolutionNode = FALSE
	EndGlobalSection
	GlobalSection(ExtensibilityGlobals) = postSolution
		SolutionGuid = {15A91D45-8E6C-45B5-B0CB-71D4CBA98B52}
	EndGlobalSection
EndGlobal
